PODS:
  - DagoTracked (0.1.0):
    - RxCocoa (~> 5)
    - RxSwift (~> 5)
  - RxCocoa (5.1.1):
    - RxRelay (~> 5)
    - RxSwift (~> 5)
  - RxRelay (5.1.1):
    - RxSwift (~> 5)
  - RxSwift (5.1.1)

DEPENDENCIES:
  - DagoTracked (from `../`)

SPEC REPOS:
  trunk:
    - RxCocoa
    - RxRelay
    - RxSwift

EXTERNAL SOURCES:
  DagoTracked:
    :path: "../"

SPEC CHECKSUMS:
  DagoTracked: 207322827fd81f8402e3e5118697ce84fb7e9b33
  RxCocoa: 32065309a38d29b5b0db858819b5bf9ef038b601
  RxRelay: d77f7d771495f43c556cbc43eebd1bb54d01e8e9
  RxSwift: 81470a2074fa8780320ea5fe4102807cb7118178

PODFILE CHECKSUM: 71e7a3b1a01ed197a539b212f387727bfff67a2d

COCOAPODS: 1.9.3
