PODS:
  - Dago (0.1.4):
    - Dago/Constrained (= 0.1.4)
    - Dago/Core (= 0.1.4)
    - Dago/Tracked (= 0.1.4)
  - Dago/Constrained (0.1.4):
    - Dago/Core (~> 0.1.4)
  - Dago/Core (0.1.4)
  - Dago/Tracked (0.1.4):
    - Dago/Core (~> 0.1.4)
    - RxCocoa (~> 5)
    - RxSwift (~> 5)
  - RxCocoa (5.1.1):
    - RxRelay (~> 5)
    - RxSwift (~> 5)
  - RxGesture (3.0.2):
    - RxCocoa (~> 5.1)
    - RxSwift (~> 5.1)
  - RxRelay (5.1.1):
    - RxSwift (~> 5)
  - RxSwift (5.1.1)

DEPENDENCIES:
  - Dago (from `../../`)
  - RxGesture

SPEC REPOS:
  trunk:
    - RxCocoa
    - RxGesture
    - RxRelay
    - RxSwift

EXTERNAL SOURCES:
  Dago:
    :path: "../../"

SPEC CHECKSUMS:
  Dago: 605b92bfd057fed43e22a0582bf08c9cdc4198cb
  RxCocoa: 32065309a38d29b5b0db858819b5bf9ef038b601
  RxGesture: d6bd7447ca3a596c7a9702a6a2b6a2bb5d8bae54
  RxRelay: d77f7d771495f43c556cbc43eebd1bb54d01e8e9
  RxSwift: 81470a2074fa8780320ea5fe4102807cb7118178

PODFILE CHECKSUM: 81074385548346d0c54e60ded34158f495fdc837

COCOAPODS: 1.9.3
